
Microsoft Visual Studio Solution File, Format Version 12.00
# Visual Studio 15
VisualStudioVersion = 15.0.28307.902
MinimumVisualStudioVersion = 10.0.40219.1
Project("{FAE04EC0-301F-11D3-BF4B-00C04F79EFBC}") = "db_course_work_autoservice", "db_course_work_autoservice\db_course_work_autoservice.csproj", "{8007891A-69C3-4656-9AAC-20F5D86D7DE1}"
EndProject
Global
	GlobalSection(SolutionConfigurationPlatforms) = preSolution
		Debug|Any CPU = Debug|Any CPU
		Release|Any CPU = Release|Any CPU
	EndGlobalSection
	GlobalSection(ProjectConfigurationPlatforms) = postSolution
		{8007891A-69C3-4656-9AAC-20F5D86D7DE1}.Debug|Any CPU.ActiveCfg = Debug|Any CPU
		{8007891A-69C3-4656-9AAC-20F5D86D7DE1}.Debug|Any CPU.Build.0 = Debug|Any CPU
		{8007891A-69C3-4656-9AAC-20F5D86D7DE1}.Release|Any CPU.ActiveCfg = Release|Any CPU
		{8007891A-69C3-4656-9AAC-20F5D86D7DE1}.Release|Any CPU.Build.0 = Release|Any CPU
	EndGlobalSection
	GlobalSection(SolutionProperties) = preSolution
		HideSolutionNode = FALSE
	EndGlobalSection
	GlobalSection(ExtensibilityGlobals) = postSolution
		SolutionGuid = {80FFED30-28AB-4EBB-9D0D-E772A3E27738}
	EndGlobalSection
EndGlobal
